
Microsoft Visual Studio Solution File, Format Version 12.00
# Visual Studio Version 16
VisualStudioVersion = 16.0.32126.315
MinimumVisualStudioVersion = 10.0.40219.1
Project("{FAE04EC0-301F-11D3-BF4B-00C04F79EFBC}") = "ChargeStationProject", "ChargeStationProject\ChargeStationProject.csproj", "{4FE7A8FA-3733-40DF-BFDD-C145BD372766}"
EndProject
Project("{FAE04EC0-301F-11D3-BF4B-00C04F79EFBC}") = "ChargeStationProject.Test", "ChargeStationProject.Test\ChargeStationProject.Test.csproj", "{9662ADAF-6694-4471-97E0-48D53FCAEB99}"
EndProject
Global
	GlobalSection(SolutionConfigurationPlatforms) = preSolution
		Debug|Any CPU = Debug|Any CPU
		Release|Any CPU = Release|Any CPU
	EndGlobalSection
	GlobalSection(ProjectConfigurationPlatforms) = postSolution
		{4FE7A8FA-3733-40DF-BFDD-C145BD372766}.Debug|Any CPU.ActiveCfg = Debug|Any CPU
		{4FE7A8FA-3733-40DF-BFDD-C145BD372766}.Debug|Any CPU.Build.0 = Debug|Any CPU
		{4FE7A8FA-3733-40DF-BFDD-C145BD372766}.Release|Any CPU.ActiveCfg = Release|Any CPU
		{4FE7A8FA-3733-40DF-BFDD-C145BD372766}.Release|Any CPU.Build.0 = Release|Any CPU
		{9662ADAF-6694-4471-97E0-48D53FCAEB99}.Debug|Any CPU.ActiveCfg = Debug|Any CPU
		{9662ADAF-6694-4471-97E0-48D53FCAEB99}.Debug|Any CPU.Build.0 = Debug|Any CPU
		{9662ADAF-6694-4471-97E0-48D53FCAEB99}.Release|Any CPU.ActiveCfg = Release|Any CPU
		{9662ADAF-6694-4471-97E0-48D53FCAEB99}.Release|Any CPU.Build.0 = Release|Any CPU
	EndGlobalSection
	GlobalSection(SolutionProperties) = preSolution
		HideSolutionNode = FALSE
	EndGlobalSection
	GlobalSection(ExtensibilityGlobals) = postSolution
		SolutionGuid = {91C4F211-4F55-4C6C-8118-533F2040B1A9}
	EndGlobalSection
EndGlobal
